
Microsoft Visual Studio Solution File, Format Version 12.00
# Visual Studio Version 16
VisualStudioVersion = 16.0.29411.108
MinimumVisualStudioVersion = 10.0.40219.1
Project("{FAE04EC0-301F-11D3-BF4B-00C04F79EFBC}") = "Fortune", "Fortune.csproj", "{FEF5DA00-B4E0-4ABD-80AA-7697A8F54E16}"
EndProject
Project("{2150E333-8FDC-42A3-9474-1A3956D46DE8}") = "Solution Items", "Solution Items", "{DB89ACA5-3F29-471E-837A-62F90FBA7F2E}"
	ProjectSection(SolutionItems) = preProject
		MARKOFTHEWEB-Fix.docx = MARKOFTHEWEB-Fix.docx
	EndProjectSection
EndProject
Global
	GlobalSection(SolutionConfigurationPlatforms) = preSolution
		Debug|Any CPU = Debug|Any CPU
		Release|Any CPU = Release|Any CPU
	EndGlobalSection
	GlobalSection(ProjectConfigurationPlatforms) = postSolution
		{FEF5DA00-B4E0-4ABD-80AA-7697A8F54E16}.Debug|Any CPU.ActiveCfg = Debug|Any CPU
		{FEF5DA00-B4E0-4ABD-80AA-7697A8F54E16}.Debug|Any CPU.Build.0 = Debug|Any CPU
		{FEF5DA00-B4E0-4ABD-80AA-7697A8F54E16}.Release|Any CPU.ActiveCfg = Release|Any CPU
		{FEF5DA00-B4E0-4ABD-80AA-7697A8F54E16}.Release|Any CPU.Build.0 = Release|Any CPU
	EndGlobalSection
	GlobalSection(SolutionProperties) = preSolution
		HideSolutionNode = FALSE
	EndGlobalSection
	GlobalSection(ExtensibilityGlobals) = postSolution
		SolutionGuid = {2AEEDB74-9901-4B5F-88CA-06C95405854B}
	EndGlobalSection
EndGlobal
